
Microsoft Visual Studio Solution File, Format Version 12.00
# Visual Studio Version 16
VisualStudioVersion = 16.0.29418.71
MinimumVisualStudioVersion = 10.0.40219.1
Project("{8BC9CEB8-8B4A-11D0-8D11-00A0C91BC942}") = "OpenGLGameEngine", "OpenGLGameEngine\OpenGLGameEngine.vcxproj", "{4F54BAD0-28CF-43AE-A2B2-921422B5C9EB}"
EndProject
Project("{8BC9CEB8-8B4A-11D0-8D11-00A0C91BC942}") = "OpenGL.Base", "OpenGL.Base\OpenGL.Base.vcxproj", "{42F371AE-AA39-4E40-A839-25D6986CDB89}"
EndProject
Project("{8BC9CEB8-8B4A-11D0-8D11-00A0C91BC942}") = "OpenGL.Graphics2D", "OpenGL.Graphics2D\OpenGL.Graphics2D.vcxproj", "{71968C1D-6C39-4E8C-A0C9-79EDE94D9591}"
EndProject
Project("{8BC9CEB8-8B4A-11D0-8D11-00A0C91BC942}") = "OpenGL.Graphics3D", "OpenGL.Graphics3D\OpenGL.Graphics3D.vcxproj", "{14A72560-D090-4B41-ADB4-73BF97232748}"
EndProject
Project("{8BC9CEB8-8B4A-11D0-8D11-00A0C91BC942}") = "DirectX11.Base", "DirectX11.Base\DirectX11.Base.vcxproj", "{E4881EC8-B557-4B28-B262-09E58C5FC1DC}"
EndProject
Project("{8BC9CEB8-8B4A-11D0-8D11-00A0C91BC942}") = "DirectX11.Graphics2D", "DirectX11.Graphics2D\DirectX11.Graphics2D.vcxproj", "{988E5D76-F1A7-4021-ACAC-606D662243FC}"
EndProject
Project("{8BC9CEB8-8B4A-11D0-8D11-00A0C91BC942}") = "DirectX11.Graphics3D", "DirectX11.Graphics3D\DirectX11.Graphics3D.vcxproj", "{146F6C10-279C-425D-864C-B79ACA39C284}"
EndProject
Global
	GlobalSection(SolutionConfigurationPlatforms) = preSolution
		Debug|x64 = Debug|x64
		Debug|x86 = Debug|x86
		Release|x64 = Release|x64
		Release|x86 = Release|x86
	EndGlobalSection
	GlobalSection(ProjectConfigurationPlatforms) = postSolution
		{4F54BAD0-28CF-43AE-A2B2-921422B5C9EB}.Debug|x64.ActiveCfg = Debug|x64
		{4F54BAD0-28CF-43AE-A2B2-921422B5C9EB}.Debug|x64.Build.0 = Debug|x64
		{4F54BAD0-28CF-43AE-A2B2-921422B5C9EB}.Debug|x86.ActiveCfg = Debug|Win32
		{4F54BAD0-28CF-43AE-A2B2-921422B5C9EB}.Debug|x86.Build.0 = Debug|Win32
		{4F54BAD0-28CF-43AE-A2B2-921422B5C9EB}.Release|x64.ActiveCfg = Release|x64
		{4F54BAD0-28CF-43AE-A2B2-921422B5C9EB}.Release|x64.Build.0 = Release|x64
		{4F54BAD0-28CF-43AE-A2B2-921422B5C9EB}.Release|x86.ActiveCfg = Release|Win32
		{4F54BAD0-28CF-43AE-A2B2-921422B5C9EB}.Release|x86.Build.0 = Release|Win32
		{42F371AE-AA39-4E40-A839-25D6986CDB89}.Debug|x64.ActiveCfg = Debug|x64
		{42F371AE-AA39-4E40-A839-25D6986CDB89}.Debug|x64.Build.0 = Debug|x64
		{42F371AE-AA39-4E40-A839-25D6986CDB89}.Debug|x86.ActiveCfg = Debug|Win32
		{42F371AE-AA39-4E40-A839-25D6986CDB89}.Debug|x86.Build.0 = Debug|Win32
		{42F371AE-AA39-4E40-A839-25D6986CDB89}.Release|x64.ActiveCfg = Release|x64
		{42F371AE-AA39-4E40-A839-25D6986CDB89}.Release|x64.Build.0 = Release|x64
		{42F371AE-AA39-4E40-A839-25D6986CDB89}.Release|x86.ActiveCfg = Release|Win32
		{42F371AE-AA39-4E40-A839-25D6986CDB89}.Release|x86.Build.0 = Release|Win32
		{71968C1D-6C39-4E8C-A0C9-79EDE94D9591}.Debug|x64.ActiveCfg = Debug|x64
		{71968C1D-6C39-4E8C-A0C9-79EDE94D9591}.Debug|x64.Build.0 = Debug|x64
		{71968C1D-6C39-4E8C-A0C9-79EDE94D9591}.Debug|x86.ActiveCfg = Debug|Win32
		{71968C1D-6C39-4E8C-A0C9-79EDE94D9591}.Debug|x86.Build.0 = Debug|Win32
		{71968C1D-6C39-4E8C-A0C9-79EDE94D9591}.Release|x64.ActiveCfg = Release|x64
		{71968C1D-6C39-4E8C-A0C9-79EDE94D9591}.Release|x64.Build.0 = Release|x64
		{71968C1D-6C39-4E8C-A0C9-79EDE94D9591}.Release|x86.ActiveCfg = Release|Win32
		{71968C1D-6C39-4E8C-A0C9-79EDE94D9591}.Release|x86.Build.0 = Release|Win32
		{14A72560-D090-4B41-ADB4-73BF97232748}.Debug|x64.ActiveCfg = Debug|x64
		{14A72560-D090-4B41-ADB4-73BF97232748}.Debug|x64.Build.0 = Debug|x64
		{14A72560-D090-4B41-ADB4-73BF97232748}.Debug|x86.ActiveCfg = Debug|Win32
		{14A72560-D090-4B41-ADB4-73BF97232748}.Debug|x86.Build.0 = Debug|Win32
		{14A72560-D090-4B41-ADB4-73BF97232748}.Release|x64.ActiveCfg = Release|x64
		{14A72560-D090-4B41-ADB4-73BF97232748}.Release|x64.Build.0 = Release|x64
		{14A72560-D090-4B41-ADB4-73BF97232748}.Release|x86.ActiveCfg = Release|Win32
		{14A72560-D090-4B41-ADB4-73BF97232748}.Release|x86.Build.0 = Release|Win32
		{E4881EC8-B557-4B28-B262-09E58C5FC1DC}.Debug|x64.ActiveCfg = Debug|x64
		{E4881EC8-B557-4B28-B262-09E58C5FC1DC}.Debug|x64.Build.0 = Debug|x64
		{E4881EC8-B557-4B28-B262-09E58C5FC1DC}.Debug|x86.ActiveCfg = Debug|Win32
		{E4881EC8-B557-4B28-B262-09E58C5FC1DC}.Debug|x86.Build.0 = Debug|Win32
		{E4881EC8-B557-4B28-B262-09E58C5FC1DC}.Release|x64.ActiveCfg = Release|x64
		{E4881EC8-B557-4B28-B262-09E58C5FC1DC}.Release|x64.Build.0 = Release|x64
		{E4881EC8-B557-4B28-B262-09E58C5FC1DC}.Release|x86.ActiveCfg = Release|Win32
		{E4881EC8-B557-4B28-B262-09E58C5FC1DC}.Release|x86.Build.0 = Release|Win32
		{988E5D76-F1A7-4021-ACAC-606D662243FC}.Debug|x64.ActiveCfg = Debug|x64
		{988E5D76-F1A7-4021-ACAC-606D662243FC}.Debug|x64.Build.0 = Debug|x64
		{988E5D76-F1A7-4021-ACAC-606D662243FC}.Debug|x86.ActiveCfg = Debug|Win32
		{988E5D76-F1A7-4021-ACAC-606D662243FC}.Debug|x86.Build.0 = Debug|Win32
		{988E5D76-F1A7-4021-ACAC-606D662243FC}.Release|x64.ActiveCfg = Release|x64
		{988E5D76-F1A7-4021-ACAC-606D662243FC}.Release|x64.Build.0 = Release|x64
		{988E5D76-F1A7-4021-ACAC-606D662243FC}.Release|x86.ActiveCfg = Release|Win32
		{988E5D76-F1A7-4021-ACAC-606D662243FC}.Release|x86.Build.0 = Release|Win32
		{146F6C10-279C-425D-864C-B79ACA39C284}.Debug|x64.ActiveCfg = Debug|x64
		{146F6C10-279C-425D-864C-B79ACA39C284}.Debug|x64.Build.0 = Debug|x64
		{146F6C10-279C-425D-864C-B79ACA39C284}.Debug|x86.ActiveCfg = Debug|Win32
		{146F6C10-279C-425D-864C-B79ACA39C284}.Debug|x86.Build.0 = Debug|Win32
		{146F6C10-279C-425D-864C-B79ACA39C284}.Release|x64.ActiveCfg = Release|x64
		{146F6C10-279C-425D-864C-B79ACA39C284}.Release|x64.Build.0 = Release|x64
		{146F6C10-279C-425D-864C-B79ACA39C284}.Release|x86.ActiveCfg = Release|Win32
		{146F6C10-279C-425D-864C-B79ACA39C284}.Release|x86.Build.0 = Release|Win32
	EndGlobalSection
	GlobalSection(SolutionProperties) = preSolution
		HideSolutionNode = FALSE
	EndGlobalSection
	GlobalSection(ExtensibilityGlobals) = postSolution
		SolutionGuid = {1D60F498-EDC1-4C62-9032-6A2D59E4273F}
	EndGlobalSection
EndGlobal
