<?xml version="1.0" encoding="utf-8"?>
<Project ToolsVersion="4.0" xmlns="http://schemas.microsoft.com/developer/msbuild/2003">
  <ItemGroup>
    <Filter Include="Source Files">
      <UniqueIdentifier>{4FC737F1-C7A5-4376-A066-2A32D752A2FF}</UniqueIdentifier>
      <Extensions>cpp;c;cc;cxx;def;odl;idl;hpj;bat;asm;asmx</Extensions>
    </Filter>
    <Filter Include="Header Files">
      <UniqueIdentifier>{93995380-89BD-4b04-88EB-625FBE52EBFB}</UniqueIdentifier>
      <Extensions>h;hh;hpp;hxx;hm;inl;inc;ipp;xsd</Extensions>
    </Filter>
    <Filter Include="Resource Files">
      <UniqueIdentifier>{67DA6AB6-F800-4c08-8B7A-83BB121AAD01}</UniqueIdentifier>
      <Extensions>rc;ico;cur;bmp;dlg;rc2;rct;bin;rgs;gif;jpg;jpeg;jpe;resx;tiff;tif;png;wav;mfcribbon-ms</Extensions>
    </Filter>
    <Filter Include="Shader Files">
      <UniqueIdentifier>{3f6b09a3-6f4f-4183-9736-b9e97385ddc2}</UniqueIdentifier>
    </Filter>
    <Filter Include="Assets">
      <UniqueIdentifier>{74d80be3-07a1-445b-9f4c-e8682391013c}</UniqueIdentifier>
    </Filter>
  </ItemGroup>
  <ItemGroup>
    <ClCompile Include="Main.cpp">
      <Filter>Source Files</Filter>
    </ClCompile>
    <ClCompile Include="Frame.cpp">
      <Filter>Source Files</Filter>
    </ClCompile>
    <ClCompile Include="FrameBuffer.cpp">
      <Filter>Source Files</Filter>
    </ClCompile>
    <ClCompile Include="GLWindow.cpp">
      <Filter>Source Files</Filter>
    </ClCompile>
    <ClCompile Include="ShaderCompiler.cpp">
      <Filter>Source Files</Filter>
    </ClCompile>
    <ClCompile Include="Game.cpp">
      <Filter>Source Files</Filter>
    </ClCompile>
    <ClCompile Include="Texture.cpp">
      <Filter>Source Files</Filter>
    </ClCompile>
    <ClCompile Include="GLGraphicsManager.cpp">
      <Filter>Source Files</Filter>
    </ClCompile>
    <ClCompile Include="MainShader.cpp">
      <Filter>Source Files</Filter>
    </ClCompile>
    <ClCompile Include="Shader.cpp">
      <Filter>Source Files</Filter>
    </ClCompile>
    <ClCompile Include="FrameBufferShader.cpp">
      <Filter>Source Files</Filter>
    </ClCompile>
    <ClCompile Include="Mesh.cpp">
      <Filter>Source Files</Filter>
    </ClCompile>
    <ClCompile Include="DirectionalLight.cpp">
      <Filter>Source Files</Filter>
    </ClCompile>
    <ClCompile Include="PointLight.cpp">
      <Filter>Source Files</Filter>
    </ClCompile>
  </ItemGroup>
  <ItemGroup>
    <ClInclude Include="camera.h">
      <Filter>Header Files</Filter>
    </ClInclude>
    <ClInclude Include="model.h">
      <Filter>Header Files</Filter>
    </ClInclude>
    <ClInclude Include="ColorEnum.h">
      <Filter>Header Files</Filter>
    </ClInclude>
    <ClInclude Include="Frame.h">
      <Filter>Header Files</Filter>
    </ClInclude>
    <ClInclude Include="FrameBuffer.h">
      <Filter>Header Files</Filter>
    </ClInclude>
    <ClInclude Include="GLWindow.h">
      <Filter>Header Files</Filter>
    </ClInclude>
    <ClInclude Include="Vertex.h">
      <Filter>Header Files</Filter>
    </ClInclude>
    <ClInclude Include="ShaderCompiler.h">
      <Filter>Header Files</Filter>
    </ClInclude>
    <ClInclude Include="Game.h">
      <Filter>Header Files</Filter>
    </ClInclude>
    <ClInclude Include="GLGraphicsManager.h">
      <Filter>Header Files</Filter>
    </ClInclude>
    <ClInclude Include="MainShader.h">
      <Filter>Header Files</Filter>
    </ClInclude>
    <ClInclude Include="Shader.h">
      <Filter>Header Files</Filter>
    </ClInclude>
    <ClInclude Include="ShaderTypeEnum.h">
      <Filter>Header Files</Filter>
    </ClInclude>
    <ClInclude Include="FrameBufferShader.h">
      <Filter>Header Files</Filter>
    </ClInclude>
    <ClInclude Include="shader_m.h">
      <Filter>Header Files</Filter>
    </ClInclude>
    <ClInclude Include="Mesh.h">
      <Filter>Header Files</Filter>
    </ClInclude>
    <ClInclude Include="Texture.h">
      <Filter>Header Files</Filter>
    </ClInclude>
    <ClInclude Include="DirectionalLight.h">
      <Filter>Header Files</Filter>
    </ClInclude>
    <ClInclude Include="PointLight.h">
      <Filter>Header Files</Filter>
    </ClInclude>
  </ItemGroup>
  <ItemGroup>
    <None Include="Shader.vs">
      <Filter>Shader Files</Filter>
    </None>
    <None Include="Shader.fs">
      <Filter>Shader Files</Filter>
    </None>
    <None Include="FrameBufferShader.fs">
      <Filter>Shader Files</Filter>
    </None>
    <None Include="FrameBufferShader.vs">
      <Filter>Shader Files</Filter>
    </None>
    <None Include="5.1.framebuffers.fs">
      <Filter>Shader Files</Filter>
    </None>
    <None Include="5.1.framebuffers.vs">
      <Filter>Shader Files</Filter>
    </None>
    <None Include="7.4.camera.fs">
      <Filter>Shader Files</Filter>
    </None>
    <None Include="7.4.camera.vs">
      <Filter>Shader Files</Filter>
    </None>
    <None Include="LampShader.vs">
      <Filter>Shader Files</Filter>
    </None>
    <None Include="LampShader.fs">
      <Filter>Shader Files</Filter>
    </None>
    <None Include="5.1.framebuffers_screen.vs">
      <Filter>Shader Files</Filter>
    </None>
    <None Include="5.1.framebuffers_screen.fs">
      <Filter>Shader Files</Filter>
    </None>
  </ItemGroup>
  <ItemGroup>
    <Image Include="..\Assets\wall.jpg">
      <Filter>Assets</Filter>
    </Image>
    <Image Include="..\Assets\alefgardfull4KTest.bmp">
      <Filter>Resource Files</Filter>
    </Image>
  </ItemGroup>
</Project>